
Microsoft Visual Studio Solution File, Format Version 12.00
# Visual Studio Version 17
VisualStudioVersion = 17.7.34009.444
MinimumVisualStudioVersion = 10.0.40219.1
Project("{FAE04EC0-301F-11D3-BF4B-00C04F79EFBC}") = "University_DB Exam", "University_DB Exam.csproj", "{42A168B0-9D2C-4717-B7F6-112AF2DB61AE}"
EndProject
Global
	GlobalSection(SolutionConfigurationPlatforms) = preSolution
		Debug|Any CPU = Debug|Any CPU
		Release|Any CPU = Release|Any CPU
	EndGlobalSection
	GlobalSection(ProjectConfigurationPlatforms) = postSolution
		{42A168B0-9D2C-4717-B7F6-112AF2DB61AE}.Debug|Any CPU.ActiveCfg = Debug|Any CPU
		{42A168B0-9D2C-4717-B7F6-112AF2DB61AE}.Debug|Any CPU.Build.0 = Debug|Any CPU
		{42A168B0-9D2C-4717-B7F6-112AF2DB61AE}.Release|Any CPU.ActiveCfg = Release|Any CPU
		{42A168B0-9D2C-4717-B7F6-112AF2DB61AE}.Release|Any CPU.Build.0 = Release|Any CPU
	EndGlobalSection
	GlobalSection(SolutionProperties) = preSolution
		HideSolutionNode = FALSE
	EndGlobalSection
	GlobalSection(ExtensibilityGlobals) = postSolution
		SolutionGuid = {E120EF31-8320-4BB4-810A-BCD0055FA54E}
	EndGlobalSection
EndGlobal
